
Microsoft Visual Studio Solution File, Format Version 12.00
# Visual Studio 15
VisualStudioVersion = 15.0.27130.2027
MinimumVisualStudioVersion = 10.0.40219.1
Project("{9A19103F-16F7-4668-BE54-9A1E7A4F7556}") = "Schema", "Schema\Schema.csproj", "{EEBCC57B-7BCA-4592-9020-A8B484CF4427}"
EndProject
Project("{2150E333-8FDC-42A3-9474-1A3956D46DE8}") = "Solution Files", "Solution Files", "{6CE1D084-6433-4A1C-970E-BD12575CC875}"
	ProjectSection(SolutionItems) = preProject
		Generate.bat = Generate.bat
	EndProjectSection
EndProject
Global
	GlobalSection(SolutionConfigurationPlatforms) = preSolution
		Debug|Any CPU = Debug|Any CPU
		Release|Any CPU = Release|Any CPU
	EndGlobalSection
	GlobalSection(ProjectConfigurationPlatforms) = postSolution
		{EEBCC57B-7BCA-4592-9020-A8B484CF4427}.Debug|Any CPU.ActiveCfg = Debug|Any CPU
		{EEBCC57B-7BCA-4592-9020-A8B484CF4427}.Debug|Any CPU.Build.0 = Debug|Any CPU
		{EEBCC57B-7BCA-4592-9020-A8B484CF4427}.Release|Any CPU.ActiveCfg = Release|Any CPU
		{EEBCC57B-7BCA-4592-9020-A8B484CF4427}.Release|Any CPU.Build.0 = Release|Any CPU
	EndGlobalSection
	GlobalSection(SolutionProperties) = preSolution
		HideSolutionNode = FALSE
	EndGlobalSection
	GlobalSection(ExtensibilityGlobals) = postSolution
		SolutionGuid = {E1B93F92-48FD-4EE0-934C-71A85203AACF}
	EndGlobalSection
EndGlobal
